// !$*UTF8*$!
{
	archiveVersion = 1;
	classes = {
	};
	objectVersion = 56;
	objects = {

/* Begin PBXBuildFile section */
		ED6890352C2164B8003D3696 /* AppDelegate.swift in Sources */ = {isa = PBXBuildFile; fileRef = ED6890342C2164B8003D3696 /* AppDelegate.swift */; };
		ED6890372C2164B8003D3696 /* SceneDelegate.swift in Sources */ = {isa = PBXBuildFile; fileRef = ED6890362C2164B8003D3696 /* SceneDelegate.swift */; };
		ED6890392C2164B8003D3696 /* ViewController.swift in Sources */ = {isa = PBXBuildFile; fileRef = ED6890382C2164B8003D3696 /* ViewController.swift */; };
		ED68903C2C2164B8003D3696 /* Main.storyboard in Resources */ = {isa = PBXBuildFile; fileRef = ED68903A2C2164B8003D3696 /* Main.storyboard */; };
		ED68903E2C2164BB003D3696 /* Assets.xcassets in Resources */ = {isa = PBXBuildFile; fileRef = ED68903D2C2164BB003D3696 /* Assets.xcassets */; };
		ED6890412C2164BB003D3696 /* LaunchScreen.storyboard in Resources */ = {isa = PBXBuildFile; fileRef = ED68903F2C2164BB003D3696 /* LaunchScreen.storyboard */; };
		ED6890492C216712003D3696 /* MainTabBarController.swift in Sources */ = {isa = PBXBuildFile; fileRef = ED6890482C216712003D3696 /* MainTabBarController.swift */; };
		ED68904B2C216745003D3696 /* SearchMusicViewController.swift in Sources */ = {isa = PBXBuildFile; fileRef = ED68904A2C216745003D3696 /* SearchMusicViewController.swift */; };
		EDCB0AF02C316DFE00303088 /* SearchResponse.swift in Sources */ = {isa = PBXBuildFile; fileRef = EDCB0AEF2C316DFE00303088 /* SearchResponse.swift */; };
		EDCB0AF22C356F4500303088 /* NetworkService.swift in Sources */ = {isa = PBXBuildFile; fileRef = EDCB0AF12C356F4500303088 /* NetworkService.swift */; };
		EDCB0B0C2C36EF4C00303088 /* SearchPresenter.swift in Sources */ = {isa = PBXBuildFile; fileRef = EDCB0B052C36EF4C00303088 /* SearchPresenter.swift */; };
		EDCB0B0D2C36EF4C00303088 /* SearchWorker.swift in Sources */ = {isa = PBXBuildFile; fileRef = EDCB0B062C36EF4C00303088 /* SearchWorker.swift */; };
		EDCB0B0E2C36EF4C00303088 /* SearchRouter.swift in Sources */ = {isa = PBXBuildFile; fileRef = EDCB0B072C36EF4C00303088 /* SearchRouter.swift */; };
		EDCB0B0F2C36EF4C00303088 /* SearchModels.swift in Sources */ = {isa = PBXBuildFile; fileRef = EDCB0B082C36EF4C00303088 /* SearchModels.swift */; };
		EDCB0B102C36EF4C00303088 /* SearchViewController.swift in Sources */ = {isa = PBXBuildFile; fileRef = EDCB0B092C36EF4C00303088 /* SearchViewController.swift */; };
		EDCB0B112C36EF4C00303088 /* SearchInteractor.swift in Sources */ = {isa = PBXBuildFile; fileRef = EDCB0B0A2C36EF4C00303088 /* SearchInteractor.swift */; };
		EDCB0B122C36EF4C00303088 /* SearchViewController.xib in Resources */ = {isa = PBXBuildFile; fileRef = EDCB0B0B2C36EF4C00303088 /* SearchViewController.xib */; };
		FDC91DFB13A29EE3BF639AB8 /* Pods_MusicApp.framework in Frameworks */ = {isa = PBXBuildFile; fileRef = 2302F0589E61BD1AA66D7BF8 /* Pods_MusicApp.framework */; };
/* End PBXBuildFile section */

/* Begin PBXFileReference section */
		2302F0589E61BD1AA66D7BF8 /* Pods_MusicApp.framework */ = {isa = PBXFileReference; explicitFileType = wrapper.framework; includeInIndex = 0; path = Pods_MusicApp.framework; sourceTree = BUILT_PRODUCTS_DIR; };
		4773047216D93EE3131F3B9A /* Pods-MusicApp.debug.xcconfig */ = {isa = PBXFileReference; includeInIndex = 1; lastKnownFileType = text.xcconfig; name = "Pods-MusicApp.debug.xcconfig"; path = "Target Support Files/Pods-MusicApp/Pods-MusicApp.debug.xcconfig"; sourceTree = "<group>"; };
		CA29084043CCB9F7B39A44A1 /* Pods-MusicApp.release.xcconfig */ = {isa = PBXFileReference; includeInIndex = 1; lastKnownFileType = text.xcconfig; name = "Pods-MusicApp.release.xcconfig"; path = "Target Support Files/Pods-MusicApp/Pods-MusicApp.release.xcconfig"; sourceTree = "<group>"; };
		ED6890312C2164B8003D3696 /* MusicApp.app */ = {isa = PBXFileReference; explicitFileType = wrapper.application; includeInIndex = 0; path = MusicApp.app; sourceTree = BUILT_PRODUCTS_DIR; };
		ED6890342C2164B8003D3696 /* AppDelegate.swift */ = {isa = PBXFileReference; lastKnownFileType = sourcecode.swift; path = AppDelegate.swift; sourceTree = "<group>"; };
		ED6890362C2164B8003D3696 /* SceneDelegate.swift */ = {isa = PBXFileReference; lastKnownFileType = sourcecode.swift; path = SceneDelegate.swift; sourceTree = "<group>"; };
		ED6890382C2164B8003D3696 /* ViewController.swift */ = {isa = PBXFileReference; lastKnownFileType = sourcecode.swift; path = ViewController.swift; sourceTree = "<group>"; };
		ED68903B2C2164B8003D3696 /* Base */ = {isa = PBXFileReference; lastKnownFileType = file.storyboard; name = Base; path = Base.lproj/Main.storyboard; sourceTree = "<group>"; };
		ED68903D2C2164BB003D3696 /* Assets.xcassets */ = {isa = PBXFileReference; lastKnownFileType = folder.assetcatalog; path = Assets.xcassets; sourceTree = "<group>"; };
		ED6890402C2164BB003D3696 /* Base */ = {isa = PBXFileReference; lastKnownFileType = file.storyboard; name = Base; path = Base.lproj/LaunchScreen.storyboard; sourceTree = "<group>"; };
		ED6890422C2164BB003D3696 /* Info.plist */ = {isa = PBXFileReference; lastKnownFileType = text.plist.xml; path = Info.plist; sourceTree = "<group>"; };
		ED6890482C216712003D3696 /* MainTabBarController.swift */ = {isa = PBXFileReference; lastKnownFileType = sourcecode.swift; path = MainTabBarController.swift; sourceTree = "<group>"; };
		ED68904A2C216745003D3696 /* SearchMusicViewController.swift */ = {isa = PBXFileReference; lastKnownFileType = sourcecode.swift; path = SearchMusicViewController.swift; sourceTree = "<group>"; };
		EDCB0AEF2C316DFE00303088 /* SearchResponse.swift */ = {isa = PBXFileReference; lastKnownFileType = sourcecode.swift; path = SearchResponse.swift; sourceTree = "<group>"; };
		EDCB0AF12C356F4500303088 /* NetworkService.swift */ = {isa = PBXFileReference; lastKnownFileType = sourcecode.swift; path = NetworkService.swift; sourceTree = "<group>"; };
		EDCB0B052C36EF4C00303088 /* SearchPresenter.swift */ = {isa = PBXFileReference; lastKnownFileType = sourcecode.swift; path = SearchPresenter.swift; sourceTree = "<group>"; };
		EDCB0B062C36EF4C00303088 /* SearchWorker.swift */ = {isa = PBXFileReference; lastKnownFileType = sourcecode.swift; path = SearchWorker.swift; sourceTree = "<group>"; };
		EDCB0B072C36EF4C00303088 /* SearchRouter.swift */ = {isa = PBXFileReference; lastKnownFileType = sourcecode.swift; path = SearchRouter.swift; sourceTree = "<group>"; };
		EDCB0B082C36EF4C00303088 /* SearchModels.swift */ = {isa = PBXFileReference; lastKnownFileType = sourcecode.swift; path = SearchModels.swift; sourceTree = "<group>"; };
		EDCB0B092C36EF4C00303088 /* SearchViewController.swift */ = {isa = PBXFileReference; lastKnownFileType = sourcecode.swift; path = SearchViewController.swift; sourceTree = "<group>"; };
		EDCB0B0A2C36EF4C00303088 /* SearchInteractor.swift */ = {isa = PBXFileReference; lastKnownFileType = sourcecode.swift; path = SearchInteractor.swift; sourceTree = "<group>"; };
		EDCB0B0B2C36EF4C00303088 /* SearchViewController.xib */ = {isa = PBXFileReference; lastKnownFileType = file.xib; path = SearchViewController.xib; sourceTree = "<group>"; };
/* End PBXFileReference section */

/* Begin PBXFrameworksBuildPhase section */
		ED68902E2C2164B8003D3696 /* Frameworks */ = {
			isa = PBXFrameworksBuildPhase;
			buildActionMask = 2147483647;
			files = (
				FDC91DFB13A29EE3BF639AB8 /* Pods_MusicApp.framework in Frameworks */,
			);
			runOnlyForDeploymentPostprocessing = 0;
		};
/* End PBXFrameworksBuildPhase section */

/* Begin PBXGroup section */
		3B4989A27163CB9DA974877E /* Frameworks */ = {
			isa = PBXGroup;
			children = (
				2302F0589E61BD1AA66D7BF8 /* Pods_MusicApp.framework */,
			);
			name = Frameworks;
			sourceTree = "<group>";
		};
		496596F7EC1700ECD7873009 /* Pods */ = {
			isa = PBXGroup;
			children = (
				4773047216D93EE3131F3B9A /* Pods-MusicApp.debug.xcconfig */,
				CA29084043CCB9F7B39A44A1 /* Pods-MusicApp.release.xcconfig */,
			);
			path = Pods;
			sourceTree = "<group>";
		};
		ED6890282C2164B8003D3696 = {
			isa = PBXGroup;
			children = (
				ED6890332C2164B8003D3696 /* MusicApp */,
				ED6890322C2164B8003D3696 /* Products */,
				496596F7EC1700ECD7873009 /* Pods */,
				3B4989A27163CB9DA974877E /* Frameworks */,
			);
			sourceTree = "<group>";
		};
		ED6890322C2164B8003D3696 /* Products */ = {
			isa = PBXGroup;
			children = (
				ED6890312C2164B8003D3696 /* MusicApp.app */,
			);
			name = Products;
			sourceTree = "<group>";
		};
		ED6890332C2164B8003D3696 /* MusicApp */ = {
			isa = PBXGroup;
			children = (
				ED6890342C2164B8003D3696 /* AppDelegate.swift */,
				ED6890362C2164B8003D3696 /* SceneDelegate.swift */,
				ED6890382C2164B8003D3696 /* ViewController.swift */,
				ED68903A2C2164B8003D3696 /* Main.storyboard */,
				ED68903D2C2164BB003D3696 /* Assets.xcassets */,
				ED68903F2C2164BB003D3696 /* LaunchScreen.storyboard */,
				EDCB0AF32C36EC9300303088 /* Search */,
				ED6890422C2164BB003D3696 /* Info.plist */,
				ED6890482C216712003D3696 /* MainTabBarController.swift */,
				ED68904A2C216745003D3696 /* SearchMusicViewController.swift */,
				EDCB0AEF2C316DFE00303088 /* SearchResponse.swift */,
				EDCB0B042C36EEC600303088 /* Services */,
			);
			path = MusicApp;
			sourceTree = "<group>";
		};
		EDCB0AF32C36EC9300303088 /* Search */ = {
			isa = PBXGroup;
			children = (
				EDCB0B052C36EF4C00303088 /* SearchPresenter.swift */,
				EDCB0B062C36EF4C00303088 /* SearchWorker.swift */,
				EDCB0B072C36EF4C00303088 /* SearchRouter.swift */,
				EDCB0B082C36EF4C00303088 /* SearchModels.swift */,
				EDCB0B092C36EF4C00303088 /* SearchViewController.swift */,
				EDCB0B0A2C36EF4C00303088 /* SearchInteractor.swift */,
				EDCB0B0B2C36EF4C00303088 /* SearchViewController.xib */,
			);
			path = Search;
			sourceTree = "<group>";
		};
		EDCB0B042C36EEC600303088 /* Services */ = {
			isa = PBXGroup;
			children = (
				EDCB0AF12C356F4500303088 /* NetworkService.swift */,
			);
			path = Services;
			sourceTree = "<group>";
		};
/* End PBXGroup section */

/* Begin PBXNativeTarget section */
		ED6890302C2164B8003D3696 /* MusicApp */ = {
			isa = PBXNativeTarget;
			buildConfigurationList = ED6890452C2164BB003D3696 /* Build configuration list for PBXNativeTarget "MusicApp" */;
			buildPhases = (
				A08F134333BDFE801E39CE70 /* [CP] Check Pods Manifest.lock */,
				ED68902D2C2164B8003D3696 /* Sources */,
				ED68902E2C2164B8003D3696 /* Frameworks */,
				ED68902F2C2164B8003D3696 /* Resources */,
				C57E5477903418A6AF6BA804 /* [CP] Embed Pods Frameworks */,
			);
			buildRules = (
			);
			dependencies = (
			);
			name = MusicApp;
			productName = MusicApp;
			productReference = ED6890312C2164B8003D3696 /* MusicApp.app */;
			productType = "com.apple.product-type.application";
		};
/* End PBXNativeTarget section */

/* Begin PBXProject section */
		ED6890292C2164B8003D3696 /* Project object */ = {
			isa = PBXProject;
			attributes = {
				BuildIndependentTargetsInParallel = 1;
				LastSwiftUpdateCheck = 1520;
				LastUpgradeCheck = 1520;
				TargetAttributes = {
					ED6890302C2164B8003D3696 = {
						CreatedOnToolsVersion = 15.2;
					};
				};
			};
			buildConfigurationList = ED68902C2C2164B8003D3696 /* Build configuration list for PBXProject "MusicApp" */;
			compatibilityVersion = "Xcode 14.0";
			developmentRegion = en;
			hasScannedForEncodings = 0;
			knownRegions = (
				en,
				Base,
			);
			mainGroup = ED6890282C2164B8003D3696;
			productRefGroup = ED6890322C2164B8003D3696 /* Products */;
			projectDirPath = "";
			projectRoot = "";
			targets = (
				ED6890302C2164B8003D3696 /* MusicApp */,
			);
		};
/* End PBXProject section */

/* Begin PBXResourcesBuildPhase section */
		ED68902F2C2164B8003D3696 /* Resources */ = {
			isa = PBXResourcesBuildPhase;
			buildActionMask = 2147483647;
			files = (
				ED6890412C2164BB003D3696 /* LaunchScreen.storyboard in Resources */,
				ED68903E2C2164BB003D3696 /* Assets.xcassets in Resources */,
				EDCB0B122C36EF4C00303088 /* SearchViewController.xib in Resources */,
				ED68903C2C2164B8003D3696 /* Main.storyboard in Resources */,
			);
			runOnlyForDeploymentPostprocessing = 0;
		};
/* End PBXResourcesBuildPhase section */

/* Begin PBXShellScriptBuildPhase section */
		A08F134333BDFE801E39CE70 /* [CP] Check Pods Manifest.lock */ = {
			isa = PBXShellScriptBuildPhase;
			buildActionMask = 2147483647;
			files = (
			);
			inputFileListPaths = (
			);
			inputPaths = (
				"${PODS_PODFILE_DIR_PATH}/Podfile.lock",
				"${PODS_ROOT}/Manifest.lock",
			);
			name = "[CP] Check Pods Manifest.lock";
			outputFileListPaths = (
			);
			outputPaths = (
				"$(DERIVED_FILE_DIR)/Pods-MusicApp-checkManifestLockResult.txt",
			);
			runOnlyForDeploymentPostprocessing = 0;
			shellPath = /bin/sh;
			shellScript = "diff \"${PODS_PODFILE_DIR_PATH}/Podfile.lock\" \"${PODS_ROOT}/Manifest.lock\" > /dev/null\nif [ $? != 0 ] ; then\n    # print error to STDERR\n    echo \"error: The sandbox is not in sync with the Podfile.lock. Run 'pod install' or update your CocoaPods installation.\" >&2\n    exit 1\nfi\n# This output is used by Xcode 'outputs' to avoid re-running this script phase.\necho \"SUCCESS\" > \"${SCRIPT_OUTPUT_FILE_0}\"\n";
			showEnvVarsInLog = 0;
		};
		C57E5477903418A6AF6BA804 /* [CP] Embed Pods Frameworks */ = {
			isa = PBXShellScriptBuildPhase;
			buildActionMask = 2147483647;
			files = (
			);
			inputFileListPaths = (
				"${PODS_ROOT}/Target Support Files/Pods-MusicApp/Pods-MusicApp-frameworks-${CONFIGURATION}-input-files.xcfilelist",
			);
			name = "[CP] Embed Pods Frameworks";
			outputFileListPaths = (
				"${PODS_ROOT}/Target Support Files/Pods-MusicApp/Pods-MusicApp-frameworks-${CONFIGURATION}-output-files.xcfilelist",
			);
			runOnlyForDeploymentPostprocessing = 0;
			shellPath = /bin/sh;
			shellScript = "\"${PODS_ROOT}/Target Support Files/Pods-MusicApp/Pods-MusicApp-frameworks.sh\"\n";
			showEnvVarsInLog = 0;
		};
/* End PBXShellScriptBuildPhase section */

/* Begin PBXSourcesBuildPhase section */
		ED68902D2C2164B8003D3696 /* Sources */ = {
			isa = PBXSourcesBuildPhase;
			buildActionMask = 2147483647;
			files = (
				ED68904B2C216745003D3696 /* SearchMusicViewController.swift in Sources */,
				ED6890392C2164B8003D3696 /* ViewController.swift in Sources */,
				ED6890352C2164B8003D3696 /* AppDelegate.swift in Sources */,
				EDCB0B112C36EF4C00303088 /* SearchInteractor.swift in Sources */,
				ED6890492C216712003D3696 /* MainTabBarController.swift in Sources */,
				EDCB0AF02C316DFE00303088 /* SearchResponse.swift in Sources */,
				EDCB0B0D2C36EF4C00303088 /* SearchWorker.swift in Sources */,
				EDCB0B102C36EF4C00303088 /* SearchViewController.swift in Sources */,
				EDCB0B0E2C36EF4C00303088 /* SearchRouter.swift in Sources */,
				EDCB0B0F2C36EF4C00303088 /* SearchModels.swift in Sources */,
				ED6890372C2164B8003D3696 /* SceneDelegate.swift in Sources */,
				EDCB0B0C2C36EF4C00303088 /* SearchPresenter.swift in Sources */,
				EDCB0AF22C356F4500303088 /* NetworkService.swift in Sources */,
			);
			runOnlyForDeploymentPostprocessing = 0;
		};
/* End PBXSourcesBuildPhase section */

/* Begin PBXVariantGroup section */
		ED68903A2C2164B8003D3696 /* Main.storyboard */ = {
			isa = PBXVariantGroup;
			children = (
				ED68903B2C2164B8003D3696 /* Base */,
			);
			name = Main.storyboard;
			sourceTree = "<group>";
		};
		ED68903F2C2164BB003D3696 /* LaunchScreen.storyboard */ = {
			isa = PBXVariantGroup;
			children = (
				ED6890402C2164BB003D3696 /* Base */,
			);
			name = LaunchScreen.storyboard;
			sourceTree = "<group>";
		};
/* End PBXVariantGroup section */

/* Begin XCBuildConfiguration section */
		ED6890432C2164BB003D3696 /* Debug */ = {
			isa = XCBuildConfiguration;
			buildSettings = {
				ALWAYS_SEARCH_USER_PATHS = NO;
				ASSETCATALOG_COMPILER_GENERATE_SWIFT_ASSET_SYMBOL_EXTENSIONS = YES;
				CLANG_ANALYZER_NONNULL = YES;
				CLANG_ANALYZER_NUMBER_OBJECT_CONVERSION = YES_AGGRESSIVE;
				CLANG_CXX_LANGUAGE_STANDARD = "gnu++20";
				CLANG_ENABLE_MODULES = YES;
				CLANG_ENABLE_OBJC_ARC = YES;
				CLANG_ENABLE_OBJC_WEAK = YES;
				CLANG_WARN_BLOCK_CAPTURE_AUTORELEASING = YES;
				CLANG_WARN_BOOL_CONVERSION = YES;
				CLANG_WARN_COMMA = YES;
				CLANG_WARN_CONSTANT_CONVERSION = YES;
				CLANG_WARN_DEPRECATED_OBJC_IMPLEMENTATIONS = YES;
				CLANG_WARN_DIRECT_OBJC_ISA_USAGE = YES_ERROR;
				CLANG_WARN_DOCUMENTATION_COMMENTS = YES;
				CLANG_WARN_EMPTY_BODY = YES;
				CLANG_WARN_ENUM_CONVERSION = YES;
				CLANG_WARN_INFINITE_RECURSION = YES;
				CLANG_WARN_INT_CONVERSION = YES;
				CLANG_WARN_NON_LITERAL_NULL_CONVERSION = YES;
				CLANG_WARN_OBJC_IMPLICIT_RETAIN_SELF = YES;
				CLANG_WARN_OBJC_LITERAL_CONVERSION = YES;
				CLANG_WARN_OBJC_ROOT_CLASS = YES_ERROR;
				CLANG_WARN_QUOTED_INCLUDE_IN_FRAMEWORK_HEADER = YES;
				CLANG_WARN_RANGE_LOOP_ANALYSIS = YES;
				CLANG_WARN_STRICT_PROTOTYPES = YES;
				CLANG_WARN_SUSPICIOUS_MOVE = YES;
				CLANG_WARN_UNGUARDED_AVAILABILITY = YES_AGGRESSIVE;
				CLANG_WARN_UNREACHABLE_CODE = YES;
				CLANG_WARN__DUPLICATE_METHOD_MATCH = YES;
				COPY_PHASE_STRIP = NO;
				DEBUG_INFORMATION_FORMAT = dwarf;
				ENABLE_STRICT_OBJC_MSGSEND = YES;
				ENABLE_TESTABILITY = YES;
				ENABLE_USER_SCRIPT_SANDBOXING = YES;
				GCC_C_LANGUAGE_STANDARD = gnu17;
				GCC_DYNAMIC_NO_PIC = NO;
				GCC_NO_COMMON_BLOCKS = YES;
				GCC_OPTIMIZATION_LEVEL = 0;
				GCC_PREPROCESSOR_DEFINITIONS = (
					"DEBUG=1",
					"$(inherited)",
				);
				GCC_WARN_64_TO_32_BIT_CONVERSION = YES;
				GCC_WARN_ABOUT_RETURN_TYPE = YES_ERROR;
				GCC_WARN_UNDECLARED_SELECTOR = YES;
				GCC_WARN_UNINITIALIZED_AUTOS = YES_AGGRESSIVE;
				GCC_WARN_UNUSED_FUNCTION = YES;
				GCC_WARN_UNUSED_VARIABLE = YES;
				IPHONEOS_DEPLOYMENT_TARGET = 17.2;
				LOCALIZATION_PREFERS_STRING_CATALOGS = YES;
				MTL_ENABLE_DEBUG_INFO = INCLUDE_SOURCE;
				MTL_FAST_MATH = YES;
				ONLY_ACTIVE_ARCH = YES;
				SDKROOT = iphoneos;
				SWIFT_ACTIVE_COMPILATION_CONDITIONS = "DEBUG $(inherited)";
				SWIFT_OPTIMIZATION_LEVEL = "-Onone";
			};
			name = Debug;
		};
		ED6890442C2164BB003D3696 /* Release */ = {
			isa = XCBuildConfiguration;
			buildSettings = {
				ALWAYS_SEARCH_USER_PATHS = NO;
				ASSETCATALOG_COMPILER_GENERATE_SWIFT_ASSET_SYMBOL_EXTENSIONS = YES;
				CLANG_ANALYZER_NONNULL = YES;
				CLANG_ANALYZER_NUMBER_OBJECT_CONVERSION = YES_AGGRESSIVE;
				CLANG_CXX_LANGUAGE_STANDARD = "gnu++20";
				CLANG_ENABLE_MODULES = YES;
				CLANG_ENABLE_OBJC_ARC = YES;
				CLANG_ENABLE_OBJC_WEAK = YES;
				CLANG_WARN_BLOCK_CAPTURE_AUTORELEASING = YES;
				CLANG_WARN_BOOL_CONVERSION = YES;
				CLANG_WARN_COMMA = YES;
				CLANG_WARN_CONSTANT_CONVERSION = YES;
				CLANG_WARN_DEPRECATED_OBJC_IMPLEMENTATIONS = YES;
				CLANG_WARN_DIRECT_OBJC_ISA_USAGE = YES_ERROR;
				CLANG_WARN_DOCUMENTATION_COMMENTS = YES;
				CLANG_WARN_EMPTY_BODY = YES;
				CLANG_WARN_ENUM_CONVERSION = YES;
				CLANG_WARN_INFINITE_RECURSION = YES;
				CLANG_WARN_INT_CONVERSION = YES;
				CLANG_WARN_NON_LITERAL_NULL_CONVERSION = YES;
				CLANG_WARN_OBJC_IMPLICIT_RETAIN_SELF = YES;
				CLANG_WARN_OBJC_LITERAL_CONVERSION = YES;
				CLANG_WARN_OBJC_ROOT_CLASS = YES_ERROR;
				CLANG_WARN_QUOTED_INCLUDE_IN_FRAMEWORK_HEADER = YES;
				CLANG_WARN_RANGE_LOOP_ANALYSIS = YES;
				CLANG_WARN_STRICT_PROTOTYPES = YES;
				CLANG_WARN_SUSPICIOUS_MOVE = YES;
				CLANG_WARN_UNGUARDED_AVAILABILITY = YES_AGGRESSIVE;
				CLANG_WARN_UNREACHABLE_CODE = YES;
				CLANG_WARN__DUPLICATE_METHOD_MATCH = YES;
				COPY_PHASE_STRIP = NO;
				DEBUG_INFORMATION_FORMAT = "dwarf-with-dsym";
				ENABLE_NS_ASSERTIONS = NO;
				ENABLE_STRICT_OBJC_MSGSEND = YES;
				ENABLE_USER_SCRIPT_SANDBOXING = YES;
				GCC_C_LANGUAGE_STANDARD = gnu17;
				GCC_NO_COMMON_BLOCKS = YES;
				GCC_WARN_64_TO_32_BIT_CONVERSION = YES;
				GCC_WARN_ABOUT_RETURN_TYPE = YES_ERROR;
				GCC_WARN_UNDECLARED_SELECTOR = YES;
				GCC_WARN_UNINITIALIZED_AUTOS = YES_AGGRESSIVE;
				GCC_WARN_UNUSED_FUNCTION = YES;
				GCC_WARN_UNUSED_VARIABLE = YES;
				IPHONEOS_DEPLOYMENT_TARGET = 17.2;
				LOCALIZATION_PREFERS_STRING_CATALOGS = YES;
				MTL_ENABLE_DEBUG_INFO = NO;
				MTL_FAST_MATH = YES;
				SDKROOT = iphoneos;
				SWIFT_COMPILATION_MODE = wholemodule;
				VALIDATE_PRODUCT = YES;
			};
			name = Release;
		};
		ED6890462C2164BB003D3696 /* Debug */ = {
			isa = XCBuildConfiguration;
			baseConfigurationReference = 4773047216D93EE3131F3B9A /* Pods-MusicApp.debug.xcconfig */;
			buildSettings = {
				ASSETCATALOG_COMPILER_APPICON_NAME = AppIcon;
				ASSETCATALOG_COMPILER_GLOBAL_ACCENT_COLOR_NAME = AccentColor;
				CODE_SIGN_STYLE = Automatic;
				CURRENT_PROJECT_VERSION = 1;
				DEVELOPMENT_TEAM = N3Y2L7NT9R;
				ENABLE_USER_SCRIPT_SANDBOXING = NO;
				GENERATE_INFOPLIST_FILE = YES;
				INFOPLIST_FILE = MusicApp/Info.plist;
				INFOPLIST_KEY_UIApplicationSupportsIndirectInputEvents = YES;
				INFOPLIST_KEY_UILaunchStoryboardName = LaunchScreen;
				INFOPLIST_KEY_UIMainStoryboardFile = Main;
				INFOPLIST_KEY_UISupportedInterfaceOrientations_iPad = "UIInterfaceOrientationPortrait UIInterfaceOrientationPortraitUpsideDown UIInterfaceOrientationLandscapeLeft UIInterfaceOrientationLandscapeRight";
				INFOPLIST_KEY_UISupportedInterfaceOrientations_iPhone = "UIInterfaceOrientationPortrait UIInterfaceOrientationLandscapeLeft UIInterfaceOrientationLandscapeRight";
				LD_RUNPATH_SEARCH_PATHS = (
					"$(inherited)",
					"@executable_path/Frameworks",
				);
				MARKETING_VERSION = 1.0;
				PRODUCT_BUNDLE_IDENTIFIER = "Lera-Savchenko.MusicApp";
				PRODUCT_NAME = "$(TARGET_NAME)";
				SWIFT_EMIT_LOC_STRINGS = YES;
				SWIFT_VERSION = 5.0;
				TARGETED_DEVICE_FAMILY = "1,2";
			};
			name = Debug;
		};
		ED6890472C2164BB003D3696 /* Release */ = {
			isa = XCBuildConfiguration;
			baseConfigurationReference = CA29084043CCB9F7B39A44A1 /* Pods-MusicApp.release.xcconfig */;
			buildSettings = {
				ASSETCATALOG_COMPILER_APPICON_NAME = AppIcon;
				ASSETCATALOG_COMPILER_GLOBAL_ACCENT_COLOR_NAME = AccentColor;
				CODE_SIGN_STYLE = Automatic;
				CURRENT_PROJECT_VERSION = 1;
				DEVELOPMENT_TEAM = N3Y2L7NT9R;
				ENABLE_USER_SCRIPT_SANDBOXING = NO;
				GENERATE_INFOPLIST_FILE = YES;
				INFOPLIST_FILE = MusicApp/Info.plist;
				INFOPLIST_KEY_UIApplicationSupportsIndirectInputEvents = YES;
				INFOPLIST_KEY_UILaunchStoryboardName = LaunchScreen;
				INFOPLIST_KEY_UIMainStoryboardFile = Main;
				INFOPLIST_KEY_UISupportedInterfaceOrientations_iPad = "UIInterfaceOrientationPortrait UIInterfaceOrientationPortraitUpsideDown UIInterfaceOrientationLandscapeLeft UIInterfaceOrientationLandscapeRight";
				INFOPLIST_KEY_UISupportedInterfaceOrientations_iPhone = "UIInterfaceOrientationPortrait UIInterfaceOrientationLandscapeLeft UIInterfaceOrientationLandscapeRight";
				LD_RUNPATH_SEARCH_PATHS = (
					"$(inherited)",
					"@executable_path/Frameworks",
				);
				MARKETING_VERSION = 1.0;
				PRODUCT_BUNDLE_IDENTIFIER = "Lera-Savchenko.MusicApp";
				PRODUCT_NAME = "$(TARGET_NAME)";
				SWIFT_EMIT_LOC_STRINGS = YES;
				SWIFT_VERSION = 5.0;
				TARGETED_DEVICE_FAMILY = "1,2";
			};
			name = Release;
		};
/* End XCBuildConfiguration section */

/* Begin XCConfigurationList section */
		ED68902C2C2164B8003D3696 /* Build configuration list for PBXProject "MusicApp" */ = {
			isa = XCConfigurationList;
			buildConfigurations = (
				ED6890432C2164BB003D3696 /* Debug */,
				ED6890442C2164BB003D3696 /* Release */,
			);
			defaultConfigurationIsVisible = 0;
			defaultConfigurationName = Release;
		};
		ED6890452C2164BB003D3696 /* Build configuration list for PBXNativeTarget "MusicApp" */ = {
			isa = XCConfigurationList;
			buildConfigurations = (
				ED6890462C2164BB003D3696 /* Debug */,
				ED6890472C2164BB003D3696 /* Release */,
			);
			defaultConfigurationIsVisible = 0;
			defaultConfigurationName = Release;
		};
/* End XCConfigurationList section */
	};
	rootObject = ED6890292C2164B8003D3696 /* Project object */;
}
